
Microsoft Visual Studio Solution File, Format Version 12.00
# Visual Studio 14
VisualStudioVersion = 14.0.25123.0
MinimumVisualStudioVersion = 10.0.40219.1
Project("{F184B08F-C81C-45F6-A57F-5ABD9991F28F}") = "Deal Or No Deal", "Deal Or No Deal\Deal Or No Deal.vbproj", "{03A04DD2-90CA-4286-BE90-B7ABDB09638B}"
EndProject
Global
	GlobalSection(SolutionConfigurationPlatforms) = preSolution
		Debug|Any CPU = Debug|Any CPU
		Release|Any CPU = Release|Any CPU
	EndGlobalSection
	GlobalSection(ProjectConfigurationPlatforms) = postSolution
		{03A04DD2-90CA-4286-BE90-B7ABDB09638B}.Debug|Any CPU.ActiveCfg = Debug|Any CPU
		{03A04DD2-90CA-4286-BE90-B7ABDB09638B}.Debug|Any CPU.Build.0 = Debug|Any CPU
		{03A04DD2-90CA-4286-BE90-B7ABDB09638B}.Release|Any CPU.ActiveCfg = Release|Any CPU
		{03A04DD2-90CA-4286-BE90-B7ABDB09638B}.Release|Any CPU.Build.0 = Release|Any CPU
	EndGlobalSection
	GlobalSection(SolutionProperties) = preSolution
		HideSolutionNode = FALSE
	EndGlobalSection
EndGlobal
